# This file was autogenerated by Stack.
# You should not edit this file by hand.
# For more information, please see the documentation at:
#   https://docs.haskellstack.org/en/stable/lock_files

packages:
- completed:
    subdir: packages/effects
    cabal-file:
      size: 1111
      sha256: 77e5467d83b2817ac2da24471eee568c1545751a48f2f37c6d23741706f99a92
    name: effects
    version: 0.1.0.0
    git: /home/jack/projects/leadpixel/events
    pantry-tree:
      size: 289
      sha256: 5656efd3e136e2be4c8f951a35a77466cd15099c47c43914fdb9e47c5116b6da
    commit: 3837071abcc9ede1a75f5934cf0acff697fb7bec
  original:
    subdir: packages/effects
    git: /home/jack/projects/leadpixel/events
    commit: 3837071abcc9ede1a75f5934cf0acff697fb7bec
- completed:
    subdir: packages/events
    cabal-file:
      size: 1104
      sha256: dedceff077c833c40e375f3206da218dad2a018283ac6f9ef40d79b9aa42b5c0
    name: events
    version: 0.1.0.0
    git: /home/jack/projects/leadpixel/events
    pantry-tree:
      size: 230
      sha256: 418616bb4c4c0996e3669061f0824e998ec751125db846cab201e44d291723ad
    commit: 3837071abcc9ede1a75f5934cf0acff697fb7bec
  original:
    subdir: packages/events
    git: /home/jack/projects/leadpixel/events
    commit: 3837071abcc9ede1a75f5934cf0acff697fb7bec
- completed:
    subdir: packages/event-backends/memory
    cabal-file:
      size: 1585
      sha256: dbd76649035d79f389e539bf1208b45f0ec08a6ac245971fde37795adfa9c247
    name: event-backend-memory
    version: 0.1.0.0
    git: /home/jack/projects/leadpixel/events
    pantry-tree:
      size: 177
      sha256: e1be8aea63b02d8da3e6ac6661c664adec453c41030958e5877c4bd42b89aa54
    commit: 3837071abcc9ede1a75f5934cf0acff697fb7bec
  original:
    subdir: packages/event-backends/memory
    git: /home/jack/projects/leadpixel/events
    commit: 3837071abcc9ede1a75f5934cf0acff697fb7bec
- completed:
    subdir: packages/event-backends/file
    cabal-file:
      size: 1689
      sha256: 418a59f42f2aad5ce8a4517c3912e905d35d1e04e626cad979d880174e5a5bcc
    name: event-backend-file
    version: 0.1.0.0
    git: /home/jack/projects/leadpixel/events
    pantry-tree:
      size: 175
      sha256: 669c7bbebb610ee5f95b8a7c8382b12c948f1daff814cc18860c2a7d9b195b79
    commit: 3837071abcc9ede1a75f5934cf0acff697fb7bec
  original:
    subdir: packages/event-backends/file
    git: /home/jack/projects/leadpixel/events
    commit: 3837071abcc9ede1a75f5934cf0acff697fb7bec
snapshots:
- completed:
    size: 496698
    url: https://raw.githubusercontent.com/commercialhaskell/stackage-snapshots/master/lts/13/10.yaml
    sha256: cccd8a6de18d13cd00f751b25684b3ca1e548648ea41874de78904fec1b9cb36
  original: lts-13.10
