# This file was autogenerated by Stack.
# You should not edit this file by hand.
# For more information, please see the documentation at:
#   https://docs.haskellstack.org/en/stable/lock_files

packages:
- completed:
    subdir: packages/core
    name: leadpixel-events
    version: 0.2.0.0
    git: https://gitea.leadpixel.org/leadpixel/event-source
    pantry-tree:
      size: 293
      sha256: 92a88e9c5a284496ddba2d23d8c8f82d5165b7c7e3cfa030c172145a50517f7e
    commit: 5f40a0d0c7236df6095da1842b730b46233c4656
  original:
    subdir: packages/core
    git: https://gitea.leadpixel.org/leadpixel/event-source
    commit: 5f40a0d0c7236df6095da1842b730b46233c4656
- completed:
    subdir: packages/backends/file
    name: event-backend-file
    version: 0.1.0.0
    git: https://gitea.leadpixel.org/leadpixel/event-source
    pantry-tree:
      size: 240
      sha256: 728a54381187608f80c0db16bf0cc7718c20b3a83957256b740d6cb7a7a6da38
    commit: 5f40a0d0c7236df6095da1842b730b46233c4656
  original:
    subdir: packages/backends/file
    git: https://gitea.leadpixel.org/leadpixel/event-source
    commit: 5f40a0d0c7236df6095da1842b730b46233c4656
- completed:
    subdir: packages/backends/memory
    name: event-backend-memory
    version: 0.1.0.0
    git: https://gitea.leadpixel.org/leadpixel/event-source
    pantry-tree:
      size: 244
      sha256: 575152e7a0558811e07f6ba3b70615cc89c00ca1715098998d839aeba2df3801
    commit: 5f40a0d0c7236df6095da1842b730b46233c4656
  original:
    subdir: packages/backends/memory
    git: https://gitea.leadpixel.org/leadpixel/event-source
    commit: 5f40a0d0c7236df6095da1842b730b46233c4656
- completed:
    subdir: packages/provider
    name: leadpixel-provider
    version: 0.2.0.0
    git: https://gitea.leadpixel.org/leadpixel/provider
    pantry-tree:
      size: 239
      sha256: 491689884bcad819e958db8fe09e1c3af20e8b1529360fe1f03e3a75d3c60611
    commit: 01a8f6d8d23310ae487f226cba69978135c24ac6
  original:
    subdir: packages/provider
    git: https://gitea.leadpixel.org/leadpixel/provider
    commit: 01a8f6d8d23310ae487f226cba69978135c24ac6
snapshots:
- completed:
    size: 532379
    url: https://raw.githubusercontent.com/commercialhaskell/stackage-snapshots/master/lts/16/8.yaml
    sha256: 2ad3210d2ad35f3176005d68369a18e4d984517bfaa2caade76f28ed0b2e0521
  original: lts-16.8
